// !$*UTF8*$!
{
	archiveVersion = 1;
	classes = {
	};
	objectVersion = 56;
	objects = {

/* Begin PBXBuildFile section */
		B108B0742A3F450100D0CD4F /* RecorderStateTests.swift in Sources */ = {isa = PBXBuildFile; fileRef = B108B0642A3F42A000D0CD4F /* RecorderStateTests.swift */; };
		B113F9192AC785A200F3FCFF /* ButtonsView.swift in Sources */ = {isa = PBXBuildFile; fileRef = B113F9182AC785A200F3FCFF /* ButtonsView.swift */; };
		B1699E0F29FEA62A00547A8B /* RecorderImpl.swift in Sources */ = {isa = PBXBuildFile; fileRef = B1699E0E29FEA62A00547A8B /* RecorderImpl.swift */; };
		B1766ACC2C15BC540070B479 /* AppState.swift in Sources */ = {isa = PBXBuildFile; fileRef = B1766ACB2C15BC540070B479 /* AppState.swift */; };
		B1766ACE2C15BFED0070B479 /* Input.swift in Sources */ = {isa = PBXBuildFile; fileRef = B1766ACD2C15BFED0070B479 /* Input.swift */; };
		B1766AD12C15C0110070B479 /* File.swift in Sources */ = {isa = PBXBuildFile; fileRef = B1766AD02C15C0110070B479 /* File.swift */; };
		B1766AD42C15C04C0070B479 /* FileImpl.swift in Sources */ = {isa = PBXBuildFile; fileRef = B1766AD32C15C04C0070B479 /* FileImpl.swift */; };
		B18432D229F569FB006FB98E /* MicrosCheckApp.swift in Sources */ = {isa = PBXBuildFile; fileRef = B18432D129F569FB006FB98E /* MicrosCheckApp.swift */; };
		B18432D429F569FB006FB98E /* ContentView.swift in Sources */ = {isa = PBXBuildFile; fileRef = B18432D329F569FB006FB98E /* ContentView.swift */; };
		B18432D629F569FC006FB98E /* Assets.xcassets in Resources */ = {isa = PBXBuildFile; fileRef = B18432D529F569FC006FB98E /* Assets.xcassets */; };
		B18432DA29F569FC006FB98E /* Preview Assets.xcassets in Resources */ = {isa = PBXBuildFile; fileRef = B18432D929F569FC006FB98E /* Preview Assets.xcassets */; };
		B18D17872A1123850047CE97 /* AVFoundation.framework in Frameworks */ = {isa = PBXBuildFile; fileRef = B18D17862A1123850047CE97 /* AVFoundation.framework */; };
		B1B98A912A360B07001B8309 /* Location.swift in Sources */ = {isa = PBXBuildFile; fileRef = B1B98A902A360B07001B8309 /* Location.swift */; };
		B1B98A932A360B2F001B8309 /* InputImpl.swift in Sources */ = {isa = PBXBuildFile; fileRef = B1B98A922A360B2F001B8309 /* InputImpl.swift */; };
		B1BE9C272A07DDE000440578 /* FileReaderImpl.swift in Sources */ = {isa = PBXBuildFile; fileRef = B1BE9C262A07DDE000440578 /* FileReaderImpl.swift */; };
		B1BE9C292A07DF3400440578 /* AudioPlayerImpl.swift in Sources */ = {isa = PBXBuildFile; fileRef = B1BE9C282A07DF3400440578 /* AudioPlayerImpl.swift */; };
		B1EC68712C5F954500CE30C4 /* RecoderDelegate.swift in Sources */ = {isa = PBXBuildFile; fileRef = B1EC68702C5F953B00CE30C4 /* RecoderDelegate.swift */; };
		B1EC68732C5F99AA00CE30C4 /* Recorder.swift in Sources */ = {isa = PBXBuildFile; fileRef = B1EC68722C5F99A700CE30C4 /* Recorder.swift */; };
		B1EC68752C5F99F700CE30C4 /* StateMachine.swift in Sources */ = {isa = PBXBuildFile; fileRef = B1EC68742C5F99F600CE30C4 /* StateMachine.swift */; };
		B1EC68782C5F9B1E00CE30C4 /* FileReader.swift in Sources */ = {isa = PBXBuildFile; fileRef = B1EC68772C5F9B1B00CE30C4 /* FileReader.swift */; };
		B1FDA9662C0353C000CA1DC3 /* AudioPlayer.swift in Sources */ = {isa = PBXBuildFile; fileRef = B1FDA9652C0353C000CA1DC3 /* AudioPlayer.swift */; };
/* End PBXBuildFile section */

/* Begin PBXContainerItemProxy section */
		B108B06F2A3F44EB00D0CD4F /* PBXContainerItemProxy */ = {
			isa = PBXContainerItemProxy;
			containerPortal = B18432C629F569FB006FB98E /* Project object */;
			proxyType = 1;
			remoteGlobalIDString = B18432CD29F569FB006FB98E;
			remoteInfo = MicrosCheck;
		};
/* End PBXContainerItemProxy section */

/* Begin PBXFileReference section */
		B108B0642A3F42A000D0CD4F /* RecorderStateTests.swift */ = {isa = PBXFileReference; lastKnownFileType = sourcecode.swift; path = RecorderStateTests.swift; sourceTree = "<group>"; };
		B108B06B2A3F44EB00D0CD4F /* MicrosCheckTests.xctest */ = {isa = PBXFileReference; explicitFileType = wrapper.cfbundle; includeInIndex = 0; path = MicrosCheckTests.xctest; sourceTree = BUILT_PRODUCTS_DIR; };
		B113F9182AC785A200F3FCFF /* ButtonsView.swift */ = {isa = PBXFileReference; lastKnownFileType = sourcecode.swift; path = ButtonsView.swift; sourceTree = "<group>"; };
		B1699E0E29FEA62A00547A8B /* RecorderImpl.swift */ = {isa = PBXFileReference; lastKnownFileType = sourcecode.swift; path = RecorderImpl.swift; sourceTree = "<group>"; };
		B1766ACB2C15BC540070B479 /* AppState.swift */ = {isa = PBXFileReference; lastKnownFileType = sourcecode.swift; path = AppState.swift; sourceTree = "<group>"; };
		B1766ACD2C15BFED0070B479 /* Input.swift */ = {isa = PBXFileReference; lastKnownFileType = sourcecode.swift; path = Input.swift; sourceTree = "<group>"; };
		B1766AD02C15C0110070B479 /* File.swift */ = {isa = PBXFileReference; lastKnownFileType = sourcecode.swift; path = File.swift; sourceTree = "<group>"; };
		B1766AD32C15C04C0070B479 /* FileImpl.swift */ = {isa = PBXFileReference; lastKnownFileType = sourcecode.swift; path = FileImpl.swift; sourceTree = "<group>"; };
		B18432CE29F569FB006FB98E /* MicrosCheck.app */ = {isa = PBXFileReference; explicitFileType = wrapper.application; includeInIndex = 0; path = MicrosCheck.app; sourceTree = BUILT_PRODUCTS_DIR; };
		B18432D129F569FB006FB98E /* MicrosCheckApp.swift */ = {isa = PBXFileReference; lastKnownFileType = sourcecode.swift; path = MicrosCheckApp.swift; sourceTree = "<group>"; };
		B18432D329F569FB006FB98E /* ContentView.swift */ = {isa = PBXFileReference; lastKnownFileType = sourcecode.swift; path = ContentView.swift; sourceTree = "<group>"; };
		B18432D529F569FC006FB98E /* Assets.xcassets */ = {isa = PBXFileReference; lastKnownFileType = folder.assetcatalog; path = Assets.xcassets; sourceTree = "<group>"; };
		B18432D729F569FC006FB98E /* MicrosCheck.entitlements */ = {isa = PBXFileReference; lastKnownFileType = text.plist.entitlements; path = MicrosCheck.entitlements; sourceTree = "<group>"; };
		B18432D929F569FC006FB98E /* Preview Assets.xcassets */ = {isa = PBXFileReference; lastKnownFileType = folder.assetcatalog; path = "Preview Assets.xcassets"; sourceTree = "<group>"; };
		B18D17862A1123850047CE97 /* AVFoundation.framework */ = {isa = PBXFileReference; lastKnownFileType = wrapper.framework; name = AVFoundation.framework; path = Platforms/iPhoneOS.platform/Developer/SDKs/iPhoneOS16.4.sdk/System/Library/Frameworks/AVFoundation.framework; sourceTree = DEVELOPER_DIR; };
		B1B98A902A360B07001B8309 /* Location.swift */ = {isa = PBXFileReference; lastKnownFileType = sourcecode.swift; path = Location.swift; sourceTree = "<group>"; };
		B1B98A922A360B2F001B8309 /* InputImpl.swift */ = {isa = PBXFileReference; lastKnownFileType = sourcecode.swift; path = InputImpl.swift; sourceTree = "<group>"; };
		B1BE9C262A07DDE000440578 /* FileReaderImpl.swift */ = {isa = PBXFileReference; lastKnownFileType = sourcecode.swift; path = FileReaderImpl.swift; sourceTree = "<group>"; };
		B1BE9C282A07DF3400440578 /* AudioPlayerImpl.swift */ = {isa = PBXFileReference; lastKnownFileType = sourcecode.swift; path = AudioPlayerImpl.swift; sourceTree = "<group>"; };
		B1EC68702C5F953B00CE30C4 /* RecoderDelegate.swift */ = {isa = PBXFileReference; lastKnownFileType = sourcecode.swift; path = RecoderDelegate.swift; sourceTree = "<group>"; };
		B1EC68722C5F99A700CE30C4 /* Recorder.swift */ = {isa = PBXFileReference; lastKnownFileType = sourcecode.swift; path = Recorder.swift; sourceTree = "<group>"; };
		B1EC68742C5F99F600CE30C4 /* StateMachine.swift */ = {isa = PBXFileReference; lastKnownFileType = sourcecode.swift; path = StateMachine.swift; sourceTree = "<group>"; };
		B1EC68772C5F9B1B00CE30C4 /* FileReader.swift */ = {isa = PBXFileReference; lastKnownFileType = sourcecode.swift; path = FileReader.swift; sourceTree = "<group>"; };
		B1FDA9652C0353C000CA1DC3 /* AudioPlayer.swift */ = {isa = PBXFileReference; lastKnownFileType = sourcecode.swift; path = AudioPlayer.swift; sourceTree = "<group>"; };
/* End PBXFileReference section */

/* Begin PBXFrameworksBuildPhase section */
		B108B0682A3F44EB00D0CD4F /* Frameworks */ = {
			isa = PBXFrameworksBuildPhase;
			buildActionMask = 2147483647;
			files = (
			);
			runOnlyForDeploymentPostprocessing = 0;
		};
		B18432CB29F569FB006FB98E /* Frameworks */ = {
			isa = PBXFrameworksBuildPhase;
			buildActionMask = 2147483647;
			files = (
				B18D17872A1123850047CE97 /* AVFoundation.framework in Frameworks */,
			);
			runOnlyForDeploymentPostprocessing = 0;
		};
/* End PBXFrameworksBuildPhase section */

/* Begin PBXGroup section */
		B108B0662A3F42A700D0CD4F /* UnitTest */ = {
			isa = PBXGroup;
			children = (
			);
			name = UnitTest;
			sourceTree = "<group>";
		};
		B108B06C2A3F44EB00D0CD4F /* MicrosCheckTests */ = {
			isa = PBXGroup;
			children = (
				B108B0642A3F42A000D0CD4F /* RecorderStateTests.swift */,
			);
			path = MicrosCheckTests;
			sourceTree = "<group>";
		};
		B1766ACF2C15BFF50070B479 /* Protocols */ = {
			isa = PBXGroup;
			children = (
				B1EC68772C5F9B1B00CE30C4 /* FileReader.swift */,
				B1EC68742C5F99F600CE30C4 /* StateMachine.swift */,
				B1FDA9652C0353C000CA1DC3 /* AudioPlayer.swift */,
				B1766ACD2C15BFED0070B479 /* Input.swift */,
				B1766AD02C15C0110070B479 /* File.swift */,
				B1EC68722C5F99A700CE30C4 /* Recorder.swift */,
			);
			path = Protocols;
			sourceTree = "<group>";
		};
		B1766AD22C15C0340070B479 /* ProtocolImplementations */ = {
			isa = PBXGroup;
			children = (
				B1EC68762C5F9A5D00CE30C4 /* FileSystem */,
				B1B98A8F2A360AE1001B8309 /* Recorder */,
				B1766AD72C15C0820070B479 /* Storage */,
				B1766AD62C15C07A0070B479 /* Player */,
				B1766AD52C15C0720070B479 /* Input */,
			);
			path = ProtocolImplementations;
			sourceTree = "<group>";
		};
		B1766AD52C15C0720070B479 /* Input */ = {
			isa = PBXGroup;
			children = (
				B1B98A922A360B2F001B8309 /* InputImpl.swift */,
			);
			path = Input;
			sourceTree = "<group>";
		};
		B1766AD62C15C07A0070B479 /* Player */ = {
			isa = PBXGroup;
			children = (
				B1BE9C282A07DF3400440578 /* AudioPlayerImpl.swift */,
			);
			path = Player;
			sourceTree = "<group>";
		};
		B1766AD72C15C0820070B479 /* Storage */ = {
			isa = PBXGroup;
			children = (
				B1766AD32C15C04C0070B479 /* FileImpl.swift */,
			);
			path = Storage;
			sourceTree = "<group>";
		};
		B18432C529F569FB006FB98E = {
			isa = PBXGroup;
			children = (
				B108B0662A3F42A700D0CD4F /* UnitTest */,
				B18432D029F569FB006FB98E /* MicrosCheck */,
				B108B06C2A3F44EB00D0CD4F /* MicrosCheckTests */,
				B18432CF29F569FB006FB98E /* Products */,
				B18D17852A1123850047CE97 /* Frameworks */,
			);
			sourceTree = "<group>";
		};
		B18432CF29F569FB006FB98E /* Products */ = {
			isa = PBXGroup;
			children = (
				B18432CE29F569FB006FB98E /* MicrosCheck.app */,
				B108B06B2A3F44EB00D0CD4F /* MicrosCheckTests.xctest */,
			);
			name = Products;
			sourceTree = "<group>";
		};
		B18432D029F569FB006FB98E /* MicrosCheck */ = {
			isa = PBXGroup;
			children = (
				B18432D729F569FC006FB98E /* MicrosCheck.entitlements */,
				B18432D129F569FB006FB98E /* MicrosCheckApp.swift */,
				B1766ACB2C15BC540070B479 /* AppState.swift */,
				B18432D329F569FB006FB98E /* ContentView.swift */,
				B113F9182AC785A200F3FCFF /* ButtonsView.swift */,
				B18432D529F569FC006FB98E /* Assets.xcassets */,
				B18432D829F569FC006FB98E /* Preview Content */,
				B1766ACF2C15BFF50070B479 /* Protocols */,
				B1766AD22C15C0340070B479 /* ProtocolImplementations */,
			);
			path = MicrosCheck;
			sourceTree = "<group>";
		};
		B18432D829F569FC006FB98E /* Preview Content */ = {
			isa = PBXGroup;
			children = (
				B18432D929F569FC006FB98E /* Preview Assets.xcassets */,
			);
			path = "Preview Content";
			sourceTree = "<group>";
		};
		B18D17852A1123850047CE97 /* Frameworks */ = {
			isa = PBXGroup;
			children = (
				B18D17862A1123850047CE97 /* AVFoundation.framework */,
			);
			name = Frameworks;
			sourceTree = "<group>";
		};
		B1B98A8F2A360AE1001B8309 /* Recorder */ = {
			isa = PBXGroup;
			children = (
				B1699E0E29FEA62A00547A8B /* RecorderImpl.swift */,
				B1EC68702C5F953B00CE30C4 /* RecoderDelegate.swift */,
				B1B98A902A360B07001B8309 /* Location.swift */,
			);
			path = Recorder;
			sourceTree = "<group>";
		};
		B1EC68762C5F9A5D00CE30C4 /* FileSystem */ = {
			isa = PBXGroup;
			children = (
				B1BE9C262A07DDE000440578 /* FileReaderImpl.swift */,
			);
			path = FileSystem;
			sourceTree = "<group>";
		};
/* End PBXGroup section */

/* Begin PBXNativeTarget section */
		B108B06A2A3F44EB00D0CD4F /* MicrosCheckTests */ = {
			isa = PBXNativeTarget;
			buildConfigurationList = B108B0712A3F44EB00D0CD4F /* Build configuration list for PBXNativeTarget "MicrosCheckTests" */;
			buildPhases = (
				B108B0672A3F44EB00D0CD4F /* Sources */,
				B108B0682A3F44EB00D0CD4F /* Frameworks */,
				B108B0692A3F44EB00D0CD4F /* Resources */,
			);
			buildRules = (
			);
			dependencies = (
				B108B0702A3F44EB00D0CD4F /* PBXTargetDependency */,
			);
			name = MicrosCheckTests;
			productName = MicrosCheckTests;
			productReference = B108B06B2A3F44EB00D0CD4F /* MicrosCheckTests.xctest */;
			productType = "com.apple.product-type.bundle.unit-test";
		};
		B18432CD29F569FB006FB98E /* MicrosCheck */ = {
			isa = PBXNativeTarget;
			buildConfigurationList = B18432DD29F569FC006FB98E /* Build configuration list for PBXNativeTarget "MicrosCheck" */;
			buildPhases = (
				B18432CA29F569FB006FB98E /* Sources */,
				B18432CB29F569FB006FB98E /* Frameworks */,
				B18432CC29F569FB006FB98E /* Resources */,
			);
			buildRules = (
			);
			dependencies = (
			);
			name = MicrosCheck;
			productName = MicrosCheck;
			productReference = B18432CE29F569FB006FB98E /* MicrosCheck.app */;
			productType = "com.apple.product-type.application";
		};
/* End PBXNativeTarget section */

/* Begin PBXProject section */
		B18432C629F569FB006FB98E /* Project object */ = {
			isa = PBXProject;
			attributes = {
				BuildIndependentTargetsInParallel = 1;
				LastSwiftUpdateCheck = 1500;
				LastUpgradeCheck = 1540;
				TargetAttributes = {
					B108B06A2A3F44EB00D0CD4F = {
						CreatedOnToolsVersion = 15.0;
						TestTargetID = B18432CD29F569FB006FB98E;
					};
					B18432CD29F569FB006FB98E = {
						CreatedOnToolsVersion = 14.3;
					};
				};
			};
			buildConfigurationList = B18432C929F569FB006FB98E /* Build configuration list for PBXProject "MicrosCheck" */;
			compatibilityVersion = "Xcode 14.0";
			developmentRegion = en;
			hasScannedForEncodings = 0;
			knownRegions = (
				en,
				Base,
			);
			mainGroup = B18432C529F569FB006FB98E;
			productRefGroup = B18432CF29F569FB006FB98E /* Products */;
			projectDirPath = "";
			projectRoot = "";
			targets = (
				B18432CD29F569FB006FB98E /* MicrosCheck */,
				B108B06A2A3F44EB00D0CD4F /* MicrosCheckTests */,
			);
		};
/* End PBXProject section */

/* Begin PBXResourcesBuildPhase section */
		B108B0692A3F44EB00D0CD4F /* Resources */ = {
			isa = PBXResourcesBuildPhase;
			buildActionMask = 2147483647;
			files = (
			);
			runOnlyForDeploymentPostprocessing = 0;
		};
		B18432CC29F569FB006FB98E /* Resources */ = {
			isa = PBXResourcesBuildPhase;
			buildActionMask = 2147483647;
			files = (
				B18432DA29F569FC006FB98E /* Preview Assets.xcassets in Resources */,
				B18432D629F569FC006FB98E /* Assets.xcassets in Resources */,
			);
			runOnlyForDeploymentPostprocessing = 0;
		};
/* End PBXResourcesBuildPhase section */

/* Begin PBXSourcesBuildPhase section */
		B108B0672A3F44EB00D0CD4F /* Sources */ = {
			isa = PBXSourcesBuildPhase;
			buildActionMask = 2147483647;
			files = (
				B108B0742A3F450100D0CD4F /* RecorderStateTests.swift in Sources */,
			);
			runOnlyForDeploymentPostprocessing = 0;
		};
		B18432CA29F569FB006FB98E /* Sources */ = {
			isa = PBXSourcesBuildPhase;
			buildActionMask = 2147483647;
			files = (
				B1EC68732C5F99AA00CE30C4 /* Recorder.swift in Sources */,
				B1B98A932A360B2F001B8309 /* InputImpl.swift in Sources */,
				B1766AD12C15C0110070B479 /* File.swift in Sources */,
				B1EC68752C5F99F700CE30C4 /* StateMachine.swift in Sources */,
				B1766ACC2C15BC540070B479 /* AppState.swift in Sources */,
				B1699E0F29FEA62A00547A8B /* RecorderImpl.swift in Sources */,
				B1766ACE2C15BFED0070B479 /* Input.swift in Sources */,
				B1766AD42C15C04C0070B479 /* FileImpl.swift in Sources */,
				B1FDA9662C0353C000CA1DC3 /* AudioPlayer.swift in Sources */,
				B1EC68782C5F9B1E00CE30C4 /* FileReader.swift in Sources */,
				B1EC68712C5F954500CE30C4 /* RecoderDelegate.swift in Sources */,
				B18432D429F569FB006FB98E /* ContentView.swift in Sources */,
				B1BE9C292A07DF3400440578 /* AudioPlayerImpl.swift in Sources */,
				B1BE9C272A07DDE000440578 /* FileReaderImpl.swift in Sources */,
				B1B98A912A360B07001B8309 /* Location.swift in Sources */,
				B113F9192AC785A200F3FCFF /* ButtonsView.swift in Sources */,
				B18432D229F569FB006FB98E /* MicrosCheckApp.swift in Sources */,
			);
			runOnlyForDeploymentPostprocessing = 0;
		};
/* End PBXSourcesBuildPhase section */

/* Begin PBXTargetDependency section */
		B108B0702A3F44EB00D0CD4F /* PBXTargetDependency */ = {
			isa = PBXTargetDependency;
			target = B18432CD29F569FB006FB98E /* MicrosCheck */;
			targetProxy = B108B06F2A3F44EB00D0CD4F /* PBXContainerItemProxy */;
		};
/* End PBXTargetDependency section */

/* Begin XCBuildConfiguration section */
		B108B0722A3F44EB00D0CD4F /* Debug */ = {
			isa = XCBuildConfiguration;
			buildSettings = {
				ASSETCATALOG_COMPILER_GENERATE_SWIFT_ASSET_SYMBOL_EXTENSIONS = YES;
				BUNDLE_LOADER = "$(TEST_HOST)";
				CODE_SIGN_STYLE = Automatic;
				CURRENT_PROJECT_VERSION = 1;
				DEVELOPMENT_TEAM = 74GSAFWBG7;
				GCC_C_LANGUAGE_STANDARD = gnu17;
				GENERATE_INFOPLIST_FILE = YES;
				LOCALIZATION_PREFERS_STRING_CATALOGS = YES;
				MACOSX_DEPLOYMENT_TARGET = 13.4;
				MARKETING_VERSION = 1.0;
				PRODUCT_BUNDLE_IDENTIFIER = ru.egormerkushev.haglar.MicrosCheckTests;
				PRODUCT_NAME = "$(TARGET_NAME)";
				SDKROOT = macosx;
				SUPPORTED_PLATFORMS = "iphoneos iphonesimulator macosx";
				SUPPORTS_MACCATALYST = NO;
				SUPPORTS_MAC_DESIGNED_FOR_IPHONE_IPAD = NO;
				SWIFT_ACTIVE_COMPILATION_CONDITIONS = "DEBUG $(inherited)";
				SWIFT_EMIT_LOC_STRINGS = NO;
				SWIFT_VERSION = 5.0;
				TARGETED_DEVICE_FAMILY = 1;
				TEST_HOST = "$(BUILT_PRODUCTS_DIR)/MicrosCheck.app/$(BUNDLE_EXECUTABLE_FOLDER_PATH)/MicrosCheck";
			};
			name = Debug;
		};
		B108B0732A3F44EB00D0CD4F /* Release */ = {
			isa = XCBuildConfiguration;
			buildSettings = {
				ASSETCATALOG_COMPILER_GENERATE_SWIFT_ASSET_SYMBOL_EXTENSIONS = YES;
				BUNDLE_LOADER = "$(TEST_HOST)";
				CODE_SIGN_STYLE = Automatic;
				CURRENT_PROJECT_VERSION = 1;
				DEVELOPMENT_TEAM = 74GSAFWBG7;
				GCC_C_LANGUAGE_STANDARD = gnu17;
				GENERATE_INFOPLIST_FILE = YES;
				LOCALIZATION_PREFERS_STRING_CATALOGS = YES;
				MACOSX_DEPLOYMENT_TARGET = 13.4;
				MARKETING_VERSION = 1.0;
				PRODUCT_BUNDLE_IDENTIFIER = ru.egormerkushev.haglar.MicrosCheckTests;
				PRODUCT_NAME = "$(TARGET_NAME)";
				SDKROOT = macosx;
				SUPPORTED_PLATFORMS = "iphoneos iphonesimulator macosx";
				SUPPORTS_MACCATALYST = NO;
				SUPPORTS_MAC_DESIGNED_FOR_IPHONE_IPAD = NO;
				SWIFT_EMIT_LOC_STRINGS = NO;
				SWIFT_VERSION = 5.0;
				TARGETED_DEVICE_FAMILY = 1;
				TEST_HOST = "$(BUILT_PRODUCTS_DIR)/MicrosCheck.app/$(BUNDLE_EXECUTABLE_FOLDER_PATH)/MicrosCheck";
			};
			name = Release;
		};
		B18432DB29F569FC006FB98E /* Debug */ = {
			isa = XCBuildConfiguration;
			buildSettings = {
				ALWAYS_SEARCH_USER_PATHS = NO;
				ASSETCATALOG_COMPILER_GENERATE_SWIFT_ASSET_SYMBOL_EXTENSIONS = YES;
				CLANG_ANALYZER_NONNULL = YES;
				CLANG_ANALYZER_NUMBER_OBJECT_CONVERSION = YES_AGGRESSIVE;
				CLANG_CXX_LANGUAGE_STANDARD = "gnu++20";
				CLANG_ENABLE_MODULES = YES;
				CLANG_ENABLE_OBJC_ARC = YES;
				CLANG_ENABLE_OBJC_WEAK = YES;
				CLANG_WARN_BLOCK_CAPTURE_AUTORELEASING = YES;
				CLANG_WARN_BOOL_CONVERSION = YES;
				CLANG_WARN_COMMA = YES;
				CLANG_WARN_CONSTANT_CONVERSION = YES;
				CLANG_WARN_DEPRECATED_OBJC_IMPLEMENTATIONS = YES;
				CLANG_WARN_DIRECT_OBJC_ISA_USAGE = YES_ERROR;
				CLANG_WARN_DOCUMENTATION_COMMENTS = YES;
				CLANG_WARN_EMPTY_BODY = YES;
				CLANG_WARN_ENUM_CONVERSION = YES;
				CLANG_WARN_INFINITE_RECURSION = YES;
				CLANG_WARN_INT_CONVERSION = YES;
				CLANG_WARN_NON_LITERAL_NULL_CONVERSION = YES;
				CLANG_WARN_OBJC_IMPLICIT_RETAIN_SELF = YES;
				CLANG_WARN_OBJC_LITERAL_CONVERSION = YES;
				CLANG_WARN_OBJC_ROOT_CLASS = YES_ERROR;
				CLANG_WARN_QUOTED_INCLUDE_IN_FRAMEWORK_HEADER = YES;
				CLANG_WARN_RANGE_LOOP_ANALYSIS = YES;
				CLANG_WARN_STRICT_PROTOTYPES = YES;
				CLANG_WARN_SUSPICIOUS_MOVE = YES;
				CLANG_WARN_UNGUARDED_AVAILABILITY = YES_AGGRESSIVE;
				CLANG_WARN_UNREACHABLE_CODE = YES;
				CLANG_WARN__DUPLICATE_METHOD_MATCH = YES;
				COPY_PHASE_STRIP = NO;
				DEAD_CODE_STRIPPING = YES;
				DEBUG_INFORMATION_FORMAT = dwarf;
				ENABLE_STRICT_OBJC_MSGSEND = YES;
				ENABLE_TESTABILITY = YES;
				ENABLE_USER_SCRIPT_SANDBOXING = YES;
				GCC_C_LANGUAGE_STANDARD = gnu11;
				GCC_DYNAMIC_NO_PIC = NO;
				GCC_NO_COMMON_BLOCKS = YES;
				GCC_OPTIMIZATION_LEVEL = 0;
				GCC_PREPROCESSOR_DEFINITIONS = (
					"DEBUG=1",
					"$(inherited)",
				);
				GCC_WARN_64_TO_32_BIT_CONVERSION = YES;
				GCC_WARN_ABOUT_RETURN_TYPE = YES_ERROR;
				GCC_WARN_UNDECLARED_SELECTOR = YES;
				GCC_WARN_UNINITIALIZED_AUTOS = YES_AGGRESSIVE;
				GCC_WARN_UNUSED_FUNCTION = YES;
				GCC_WARN_UNUSED_VARIABLE = YES;
				MTL_ENABLE_DEBUG_INFO = INCLUDE_SOURCE;
				MTL_FAST_MATH = YES;
				ONLY_ACTIVE_ARCH = YES;
				SWIFT_ACTIVE_COMPILATION_CONDITIONS = DEBUG;
				SWIFT_OPTIMIZATION_LEVEL = "-Onone";
			};
			name = Debug;
		};
		B18432DC29F569FC006FB98E /* Release */ = {
			isa = XCBuildConfiguration;
			buildSettings = {
				ALWAYS_SEARCH_USER_PATHS = NO;
				ASSETCATALOG_COMPILER_GENERATE_SWIFT_ASSET_SYMBOL_EXTENSIONS = YES;
				CLANG_ANALYZER_NONNULL = YES;
				CLANG_ANALYZER_NUMBER_OBJECT_CONVERSION = YES_AGGRESSIVE;
				CLANG_CXX_LANGUAGE_STANDARD = "gnu++20";
				CLANG_ENABLE_MODULES = YES;
				CLANG_ENABLE_OBJC_ARC = YES;
				CLANG_ENABLE_OBJC_WEAK = YES;
				CLANG_WARN_BLOCK_CAPTURE_AUTORELEASING = YES;
				CLANG_WARN_BOOL_CONVERSION = YES;
				CLANG_WARN_COMMA = YES;
				CLANG_WARN_CONSTANT_CONVERSION = YES;
				CLANG_WARN_DEPRECATED_OBJC_IMPLEMENTATIONS = YES;
				CLANG_WARN_DIRECT_OBJC_ISA_USAGE = YES_ERROR;
				CLANG_WARN_DOCUMENTATION_COMMENTS = YES;
				CLANG_WARN_EMPTY_BODY = YES;
				CLANG_WARN_ENUM_CONVERSION = YES;
				CLANG_WARN_INFINITE_RECURSION = YES;
				CLANG_WARN_INT_CONVERSION = YES;
				CLANG_WARN_NON_LITERAL_NULL_CONVERSION = YES;
				CLANG_WARN_OBJC_IMPLICIT_RETAIN_SELF = YES;
				CLANG_WARN_OBJC_LITERAL_CONVERSION = YES;
				CLANG_WARN_OBJC_ROOT_CLASS = YES_ERROR;
				CLANG_WARN_QUOTED_INCLUDE_IN_FRAMEWORK_HEADER = YES;
				CLANG_WARN_RANGE_LOOP_ANALYSIS = YES;
				CLANG_WARN_STRICT_PROTOTYPES = YES;
				CLANG_WARN_SUSPICIOUS_MOVE = YES;
				CLANG_WARN_UNGUARDED_AVAILABILITY = YES_AGGRESSIVE;
				CLANG_WARN_UNREACHABLE_CODE = YES;
				CLANG_WARN__DUPLICATE_METHOD_MATCH = YES;
				COPY_PHASE_STRIP = NO;
				DEAD_CODE_STRIPPING = YES;
				DEBUG_INFORMATION_FORMAT = "dwarf-with-dsym";
				ENABLE_NS_ASSERTIONS = NO;
				ENABLE_STRICT_OBJC_MSGSEND = YES;
				ENABLE_USER_SCRIPT_SANDBOXING = YES;
				GCC_C_LANGUAGE_STANDARD = gnu11;
				GCC_NO_COMMON_BLOCKS = YES;
				GCC_WARN_64_TO_32_BIT_CONVERSION = YES;
				GCC_WARN_ABOUT_RETURN_TYPE = YES_ERROR;
				GCC_WARN_UNDECLARED_SELECTOR = YES;
				GCC_WARN_UNINITIALIZED_AUTOS = YES_AGGRESSIVE;
				GCC_WARN_UNUSED_FUNCTION = YES;
				GCC_WARN_UNUSED_VARIABLE = YES;
				MTL_ENABLE_DEBUG_INFO = NO;
				MTL_FAST_MATH = YES;
				SWIFT_COMPILATION_MODE = wholemodule;
				SWIFT_OPTIMIZATION_LEVEL = "-O";
			};
			name = Release;
		};
		B18432DE29F569FC006FB98E /* Debug */ = {
			isa = XCBuildConfiguration;
			buildSettings = {
				ASSETCATALOG_COMPILER_APPICON_NAME = AppIcon;
				ASSETCATALOG_COMPILER_GLOBAL_ACCENT_COLOR_NAME = AccentColor;
				CODE_SIGN_ENTITLEMENTS = MicrosCheck/MicrosCheck.entitlements;
				CODE_SIGN_IDENTITY = "Apple Development";
				CODE_SIGN_STYLE = Automatic;
				CURRENT_PROJECT_VERSION = 1;
				DEAD_CODE_STRIPPING = YES;
				DEVELOPMENT_ASSET_PATHS = "\"MicrosCheck/Preview Content\"";
				DEVELOPMENT_TEAM = 74GSAFWBG7;
				ENABLE_HARDENED_RUNTIME = YES;
				ENABLE_PREVIEWS = YES;
				GENERATE_INFOPLIST_FILE = YES;
				INFOPLIST_KEY_NSMicrophoneUsageDescription = "For test hardware microphones on your device";
				"INFOPLIST_KEY_UIApplicationSceneManifest_Generation[sdk=iphoneos*]" = YES;
				"INFOPLIST_KEY_UIApplicationSceneManifest_Generation[sdk=iphonesimulator*]" = YES;
				"INFOPLIST_KEY_UIApplicationSupportsIndirectInputEvents[sdk=iphoneos*]" = YES;
				"INFOPLIST_KEY_UIApplicationSupportsIndirectInputEvents[sdk=iphonesimulator*]" = YES;
				"INFOPLIST_KEY_UILaunchScreen_Generation[sdk=iphoneos*]" = YES;
				"INFOPLIST_KEY_UILaunchScreen_Generation[sdk=iphonesimulator*]" = YES;
				"INFOPLIST_KEY_UIStatusBarStyle[sdk=iphoneos*]" = UIStatusBarStyleDefault;
				"INFOPLIST_KEY_UIStatusBarStyle[sdk=iphonesimulator*]" = UIStatusBarStyleDefault;
				INFOPLIST_KEY_UISupportedInterfaceOrientations_iPad = "UIInterfaceOrientationPortrait UIInterfaceOrientationPortraitUpsideDown UIInterfaceOrientationLandscapeLeft UIInterfaceOrientationLandscapeRight";
				INFOPLIST_KEY_UISupportedInterfaceOrientations_iPhone = "UIInterfaceOrientationPortrait UIInterfaceOrientationLandscapeLeft UIInterfaceOrientationLandscapeRight";
				IPHONEOS_DEPLOYMENT_TARGET = 17.5;
				LD_RUNPATH_SEARCH_PATHS = "@executable_path/Frameworks";
				"LD_RUNPATH_SEARCH_PATHS[sdk=macosx*]" = "@executable_path/../Frameworks";
				MACOSX_DEPLOYMENT_TARGET = 14.5;
				MARKETING_VERSION = 1.0;
				PRODUCT_BUNDLE_IDENTIFIER = ru.egormerkushev.haglar.MicrosCheck;
				PRODUCT_NAME = "$(TARGET_NAME)";
				PROVISIONING_PROFILE_SPECIFIER = "";
				SDKROOT = auto;
				SUPPORTED_PLATFORMS = "iphoneos iphonesimulator";
				SUPPORTS_MACCATALYST = YES;
				SWIFT_EMIT_LOC_STRINGS = YES;
				SWIFT_STRICT_CONCURRENCY = complete;
				SWIFT_VERSION = 5.0;
				TARGETED_DEVICE_FAMILY = "1,2";
			};
			name = Debug;
		};
		B18432DF29F569FC006FB98E /* Release */ = {
			isa = XCBuildConfiguration;
			buildSettings = {
				ASSETCATALOG_COMPILER_APPICON_NAME = AppIcon;
				ASSETCATALOG_COMPILER_GLOBAL_ACCENT_COLOR_NAME = AccentColor;
				CODE_SIGN_ENTITLEMENTS = MicrosCheck/MicrosCheck.entitlements;
				CODE_SIGN_IDENTITY = "Apple Development";
				CODE_SIGN_STYLE = Automatic;
				CURRENT_PROJECT_VERSION = 1;
				DEAD_CODE_STRIPPING = YES;
				DEVELOPMENT_ASSET_PATHS = "\"MicrosCheck/Preview Content\"";
				DEVELOPMENT_TEAM = 74GSAFWBG7;
				ENABLE_HARDENED_RUNTIME = YES;
				ENABLE_PREVIEWS = YES;
				GENERATE_INFOPLIST_FILE = YES;
				INFOPLIST_KEY_NSMicrophoneUsageDescription = "For test hardware microphones on your device";
				"INFOPLIST_KEY_UIApplicationSceneManifest_Generation[sdk=iphoneos*]" = YES;
				"INFOPLIST_KEY_UIApplicationSceneManifest_Generation[sdk=iphonesimulator*]" = YES;
				"INFOPLIST_KEY_UIApplicationSupportsIndirectInputEvents[sdk=iphoneos*]" = YES;
				"INFOPLIST_KEY_UIApplicationSupportsIndirectInputEvents[sdk=iphonesimulator*]" = YES;
				"INFOPLIST_KEY_UILaunchScreen_Generation[sdk=iphoneos*]" = YES;
				"INFOPLIST_KEY_UILaunchScreen_Generation[sdk=iphonesimulator*]" = YES;
				"INFOPLIST_KEY_UIStatusBarStyle[sdk=iphoneos*]" = UIStatusBarStyleDefault;
				"INFOPLIST_KEY_UIStatusBarStyle[sdk=iphonesimulator*]" = UIStatusBarStyleDefault;
				INFOPLIST_KEY_UISupportedInterfaceOrientations_iPad = "UIInterfaceOrientationPortrait UIInterfaceOrientationPortraitUpsideDown UIInterfaceOrientationLandscapeLeft UIInterfaceOrientationLandscapeRight";
				INFOPLIST_KEY_UISupportedInterfaceOrientations_iPhone = "UIInterfaceOrientationPortrait UIInterfaceOrientationLandscapeLeft UIInterfaceOrientationLandscapeRight";
				IPHONEOS_DEPLOYMENT_TARGET = 17.5;
				LD_RUNPATH_SEARCH_PATHS = "@executable_path/Frameworks";
				"LD_RUNPATH_SEARCH_PATHS[sdk=macosx*]" = "@executable_path/../Frameworks";
				MACOSX_DEPLOYMENT_TARGET = 14.5;
				MARKETING_VERSION = 1.0;
				PRODUCT_BUNDLE_IDENTIFIER = ru.egormerkushev.haglar.MicrosCheck;
				PRODUCT_NAME = "$(TARGET_NAME)";
				PROVISIONING_PROFILE_SPECIFIER = "";
				SDKROOT = auto;
				SUPPORTED_PLATFORMS = "iphoneos iphonesimulator";
				SUPPORTS_MACCATALYST = YES;
				SWIFT_EMIT_LOC_STRINGS = YES;
				SWIFT_STRICT_CONCURRENCY = complete;
				SWIFT_VERSION = 5.0;
				TARGETED_DEVICE_FAMILY = "1,2";
			};
			name = Release;
		};
/* End XCBuildConfiguration section */

/* Begin XCConfigurationList section */
		B108B0712A3F44EB00D0CD4F /* Build configuration list for PBXNativeTarget "MicrosCheckTests" */ = {
			isa = XCConfigurationList;
			buildConfigurations = (
				B108B0722A3F44EB00D0CD4F /* Debug */,
				B108B0732A3F44EB00D0CD4F /* Release */,
			);
			defaultConfigurationIsVisible = 0;
			defaultConfigurationName = Release;
		};
		B18432C929F569FB006FB98E /* Build configuration list for PBXProject "MicrosCheck" */ = {
			isa = XCConfigurationList;
			buildConfigurations = (
				B18432DB29F569FC006FB98E /* Debug */,
				B18432DC29F569FC006FB98E /* Release */,
			);
			defaultConfigurationIsVisible = 0;
			defaultConfigurationName = Release;
		};
		B18432DD29F569FC006FB98E /* Build configuration list for PBXNativeTarget "MicrosCheck" */ = {
			isa = XCConfigurationList;
			buildConfigurations = (
				B18432DE29F569FC006FB98E /* Debug */,
				B18432DF29F569FC006FB98E /* Release */,
			);
			defaultConfigurationIsVisible = 0;
			defaultConfigurationName = Release;
		};
/* End XCConfigurationList section */
	};
	rootObject = B18432C629F569FB006FB98E /* Project object */;
}
